
Microsoft Visual Studio Solution File, Format Version 12.00
# Visual Studio Version 17
VisualStudioVersion = 17.13.35828.75
MinimumVisualStudioVersion = 10.0.40219.1
Project("{FAE04EC0-301F-11D3-BF4B-00C04F79EFBC}") = "HotelBookingAPI", "HotelBookingAPI\HotelBookingAPI.csproj", "{8BDE9CB1-DF5E-457F-94B2-F0BD685501EC}"
EndProject
Project("{FAE04EC0-301F-11D3-BF4B-00C04F79EFBC}") = "HotelBookingAPI.Data", "HotelBookingAPI.Data\HotelBookingAPI.Data.csproj", "{F245ED3E-A2BB-45F7-9816-20D324C1A8E9}"
EndProject
Global
	GlobalSection(SolutionConfigurationPlatforms) = preSolution
		Debug|Any CPU = Debug|Any CPU
		Release|Any CPU = Release|Any CPU
	EndGlobalSection
	GlobalSection(ProjectConfigurationPlatforms) = postSolution
		{8BDE9CB1-DF5E-457F-94B2-F0BD685501EC}.Debug|Any CPU.ActiveCfg = Debug|Any CPU
		{8BDE9CB1-DF5E-457F-94B2-F0BD685501EC}.Debug|Any CPU.Build.0 = Debug|Any CPU
		{8BDE9CB1-DF5E-457F-94B2-F0BD685501EC}.Release|Any CPU.ActiveCfg = Release|Any CPU
		{8BDE9CB1-DF5E-457F-94B2-F0BD685501EC}.Release|Any CPU.Build.0 = Release|Any CPU
		{F245ED3E-A2BB-45F7-9816-20D324C1A8E9}.Debug|Any CPU.ActiveCfg = Debug|Any CPU
		{F245ED3E-A2BB-45F7-9816-20D324C1A8E9}.Debug|Any CPU.Build.0 = Debug|Any CPU
		{F245ED3E-A2BB-45F7-9816-20D324C1A8E9}.Release|Any CPU.ActiveCfg = Release|Any CPU
		{F245ED3E-A2BB-45F7-9816-20D324C1A8E9}.Release|Any CPU.Build.0 = Release|Any CPU
	EndGlobalSection
	GlobalSection(SolutionProperties) = preSolution
		HideSolutionNode = FALSE
	EndGlobalSection
	GlobalSection(ExtensibilityGlobals) = postSolution
		SolutionGuid = {52B33A1B-6EEF-4DCE-89CD-24398EDC1D7D}
	EndGlobalSection
EndGlobal
